
Microsoft Visual Studio Solution File, Format Version 12.00
# Visual Studio Version 16
VisualStudioVersion = 16.0.30717.126
MinimumVisualStudioVersion = 10.0.40219.1
Project("{FAE04EC0-301F-11D3-BF4B-00C04F79EFBC}") = "magelang", "magelang.csproj", "{AAAA9316-7FA0-42A8-9BE7-B633FB867BF5}"
EndProject
Global
	GlobalSection(SolutionConfigurationPlatforms) = preSolution
		Debug|x86 = Debug|x86
		Release|x86 = Release|x86
	EndGlobalSection
	GlobalSection(ProjectConfigurationPlatforms) = postSolution
		{AAAA9316-7FA0-42A8-9BE7-B633FB867BF5}.Debug|x86.ActiveCfg = Debug|x86
		{AAAA9316-7FA0-42A8-9BE7-B633FB867BF5}.Debug|x86.Build.0 = Debug|x86
		{AAAA9316-7FA0-42A8-9BE7-B633FB867BF5}.Release|x86.ActiveCfg = Release|x86
		{AAAA9316-7FA0-42A8-9BE7-B633FB867BF5}.Release|x86.Build.0 = Release|x86
	EndGlobalSection
	GlobalSection(SolutionProperties) = preSolution
		HideSolutionNode = FALSE
	EndGlobalSection
	GlobalSection(ExtensibilityGlobals) = postSolution
		SolutionGuid = {704927BE-D834-4B5A-B978-9750E223C91E}
	EndGlobalSection
EndGlobal
